
Microsoft Visual Studio Solution File, Format Version 12.00
# Visual Studio Version 16
VisualStudioVersion = 16.0.30611.23
MinimumVisualStudioVersion = 10.0.40219.1
Project("{FAE04EC0-301F-11D3-BF4B-00C04F79EFBC}") = "MouseSwap", "MouseSwap\MouseSwap.csproj", "{9DCC27F2-C71A-46D2-AFA6-B8991E22B565}"
EndProject
Global
	GlobalSection(SolutionConfigurationPlatforms) = preSolution
		Debug|Any CPU = Debug|Any CPU
		Release|Any CPU = Release|Any CPU
	EndGlobalSection
	GlobalSection(ProjectConfigurationPlatforms) = postSolution
		{9DCC27F2-C71A-46D2-AFA6-B8991E22B565}.Debug|Any CPU.ActiveCfg = Debug|Any CPU
		{9DCC27F2-C71A-46D2-AFA6-B8991E22B565}.Debug|Any CPU.Build.0 = Debug|Any CPU
		{9DCC27F2-C71A-46D2-AFA6-B8991E22B565}.Release|Any CPU.ActiveCfg = Release|Any CPU
		{9DCC27F2-C71A-46D2-AFA6-B8991E22B565}.Release|Any CPU.Build.0 = Release|Any CPU
	EndGlobalSection
	GlobalSection(SolutionProperties) = preSolution
		HideSolutionNode = FALSE
	EndGlobalSection
	GlobalSection(ExtensibilityGlobals) = postSolution
		SolutionGuid = {06DAFECA-F5D9-4FFA-B9DF-34A4A8B25B27}
	EndGlobalSection
EndGlobal
